// !$*UTF8*$!
{
	archiveVersion = 1;
	classes = {
	};
	objectVersion = 51;
	objects = {

/* Begin PBXBuildFile section */
		0F4650EB34EDAA1EEA137E0F /* Pods_Lyricly.framework in Frameworks */ = {isa = PBXBuildFile; fileRef = 4B141FF15BB8E65995E435BE /* Pods_Lyricly.framework */; };
		DC0184782410052A00105862 /* SongRow.swift in Sources */ = {isa = PBXBuildFile; fileRef = DC0184772410052A00105862 /* SongRow.swift */; };
		DC4BC0D0240FE8C90030664C /* SearchResultResponse.swift in Sources */ = {isa = PBXBuildFile; fileRef = DC4BC0CF240FE8C90030664C /* SearchResultResponse.swift */; };
		DCCD2E7A240BEFAE00068D31 /* AppDelegate.swift in Sources */ = {isa = PBXBuildFile; fileRef = DCCD2E79240BEFAE00068D31 /* AppDelegate.swift */; };
		DCCD2E7C240BEFAE00068D31 /* SceneDelegate.swift in Sources */ = {isa = PBXBuildFile; fileRef = DCCD2E7B240BEFAE00068D31 /* SceneDelegate.swift */; };
		DCCD2E7E240BEFAE00068D31 /* ContentView.swift in Sources */ = {isa = PBXBuildFile; fileRef = DCCD2E7D240BEFAE00068D31 /* ContentView.swift */; };
		DCCD2E80240BEFB600068D31 /* Assets.xcassets in Resources */ = {isa = PBXBuildFile; fileRef = DCCD2E7F240BEFB600068D31 /* Assets.xcassets */; };
		DCCD2E83240BEFB600068D31 /* Preview Assets.xcassets in Resources */ = {isa = PBXBuildFile; fileRef = DCCD2E82240BEFB600068D31 /* Preview Assets.xcassets */; };
		DCCD2E86240BEFB600068D31 /* LaunchScreen.storyboard in Resources */ = {isa = PBXBuildFile; fileRef = DCCD2E84240BEFB600068D31 /* LaunchScreen.storyboard */; };
		DCCD2E8E240BF66100068D31 /* Caption.swift in Sources */ = {isa = PBXBuildFile; fileRef = DCCD2E8D240BF66100068D31 /* Caption.swift */; };
/* End PBXBuildFile section */

/* Begin PBXFileReference section */
		4B141FF15BB8E65995E435BE /* Pods_Lyricly.framework */ = {isa = PBXFileReference; explicitFileType = wrapper.framework; includeInIndex = 0; path = Pods_Lyricly.framework; sourceTree = BUILT_PRODUCTS_DIR; };
		68E62FBA73FDA05B5E21165A /* Pods-Lyricly.debug.xcconfig */ = {isa = PBXFileReference; includeInIndex = 1; lastKnownFileType = text.xcconfig; name = "Pods-Lyricly.debug.xcconfig"; path = "Target Support Files/Pods-Lyricly/Pods-Lyricly.debug.xcconfig"; sourceTree = "<group>"; };
		80EB698D08A08D8B39AA307F /* Pods-Lyricly.release.xcconfig */ = {isa = PBXFileReference; includeInIndex = 1; lastKnownFileType = text.xcconfig; name = "Pods-Lyricly.release.xcconfig"; path = "Target Support Files/Pods-Lyricly/Pods-Lyricly.release.xcconfig"; sourceTree = "<group>"; };
		DC0184772410052A00105862 /* SongRow.swift */ = {isa = PBXFileReference; lastKnownFileType = sourcecode.swift; path = SongRow.swift; sourceTree = "<group>"; };
		DC4BC0CF240FE8C90030664C /* SearchResultResponse.swift */ = {isa = PBXFileReference; lastKnownFileType = sourcecode.swift; path = SearchResultResponse.swift; sourceTree = "<group>"; };
		DCCD2E76240BEFAE00068D31 /* Lyricly.app */ = {isa = PBXFileReference; explicitFileType = wrapper.application; includeInIndex = 0; path = Lyricly.app; sourceTree = BUILT_PRODUCTS_DIR; };
		DCCD2E79240BEFAE00068D31 /* AppDelegate.swift */ = {isa = PBXFileReference; lastKnownFileType = sourcecode.swift; path = AppDelegate.swift; sourceTree = "<group>"; };
		DCCD2E7B240BEFAE00068D31 /* SceneDelegate.swift */ = {isa = PBXFileReference; lastKnownFileType = sourcecode.swift; path = SceneDelegate.swift; sourceTree = "<group>"; };
		DCCD2E7D240BEFAE00068D31 /* ContentView.swift */ = {isa = PBXFileReference; lastKnownFileType = sourcecode.swift; path = ContentView.swift; sourceTree = "<group>"; };
		DCCD2E7F240BEFB600068D31 /* Assets.xcassets */ = {isa = PBXFileReference; lastKnownFileType = folder.assetcatalog; path = Assets.xcassets; sourceTree = "<group>"; };
		DCCD2E82240BEFB600068D31 /* Preview Assets.xcassets */ = {isa = PBXFileReference; lastKnownFileType = folder.assetcatalog; path = "Preview Assets.xcassets"; sourceTree = "<group>"; };
		DCCD2E85240BEFB600068D31 /* Base */ = {isa = PBXFileReference; lastKnownFileType = file.storyboard; name = Base; path = Base.lproj/LaunchScreen.storyboard; sourceTree = "<group>"; };
		DCCD2E87240BEFB600068D31 /* Info.plist */ = {isa = PBXFileReference; lastKnownFileType = text.plist.xml; path = Info.plist; sourceTree = "<group>"; };
		DCCD2E8D240BF66100068D31 /* Caption.swift */ = {isa = PBXFileReference; lastKnownFileType = sourcecode.swift; path = Caption.swift; sourceTree = "<group>"; };
		DCCD2E91240C012500068D31 /* Lyricly.entitlements */ = {isa = PBXFileReference; lastKnownFileType = text.plist.entitlements; path = Lyricly.entitlements; sourceTree = "<group>"; };
/* End PBXFileReference section */

/* Begin PBXFrameworksBuildPhase section */
		DCCD2E73240BEFAE00068D31 /* Frameworks */ = {
			isa = PBXFrameworksBuildPhase;
			buildActionMask = 2147483647;
			files = (
				0F4650EB34EDAA1EEA137E0F /* Pods_Lyricly.framework in Frameworks */,
			);
			runOnlyForDeploymentPostprocessing = 0;
		};
/* End PBXFrameworksBuildPhase section */

/* Begin PBXGroup section */
		3168AB3E46D021F6CA49EBF2 /* Frameworks */ = {
			isa = PBXGroup;
			children = (
				4B141FF15BB8E65995E435BE /* Pods_Lyricly.framework */,
			);
			name = Frameworks;
			sourceTree = "<group>";
		};
		AFBDDCB1FB2FD8771AEA2796 /* Pods */ = {
			isa = PBXGroup;
			children = (
				68E62FBA73FDA05B5E21165A /* Pods-Lyricly.debug.xcconfig */,
				80EB698D08A08D8B39AA307F /* Pods-Lyricly.release.xcconfig */,
			);
			path = Pods;
			sourceTree = "<group>";
		};
		DC1617C0240C47C2004981E2 /* Codeables */ = {
			isa = PBXGroup;
			children = (
				DC4BC0CF240FE8C90030664C /* SearchResultResponse.swift */,
			);
			path = Codeables;
			sourceTree = "<group>";
		};
		DCCD2E6D240BEFAD00068D31 = {
			isa = PBXGroup;
			children = (
				DCCD2E78240BEFAE00068D31 /* Lyricly */,
				DCCD2E77240BEFAE00068D31 /* Products */,
				AFBDDCB1FB2FD8771AEA2796 /* Pods */,
				3168AB3E46D021F6CA49EBF2 /* Frameworks */,
			);
			sourceTree = "<group>";
		};
		DCCD2E77240BEFAE00068D31 /* Products */ = {
			isa = PBXGroup;
			children = (
				DCCD2E76240BEFAE00068D31 /* Lyricly.app */,
			);
			name = Products;
			sourceTree = "<group>";
		};
		DCCD2E78240BEFAE00068D31 /* Lyricly */ = {
			isa = PBXGroup;
			children = (
				DC1617C0240C47C2004981E2 /* Codeables */,
				DCCD2E91240C012500068D31 /* Lyricly.entitlements */,
				DCCD2E79240BEFAE00068D31 /* AppDelegate.swift */,
				DCCD2E7B240BEFAE00068D31 /* SceneDelegate.swift */,
				DCCD2E7D240BEFAE00068D31 /* ContentView.swift */,
				DC0184772410052A00105862 /* SongRow.swift */,
				DCCD2E8D240BF66100068D31 /* Caption.swift */,
				DCCD2E7F240BEFB600068D31 /* Assets.xcassets */,
				DCCD2E84240BEFB600068D31 /* LaunchScreen.storyboard */,
				DCCD2E87240BEFB600068D31 /* Info.plist */,
				DCCD2E81240BEFB600068D31 /* Preview Content */,
			);
			path = Lyricly;
			sourceTree = "<group>";
		};
		DCCD2E81240BEFB600068D31 /* Preview Content */ = {
			isa = PBXGroup;
			children = (
				DCCD2E82240BEFB600068D31 /* Preview Assets.xcassets */,
			);
			path = "Preview Content";
			sourceTree = "<group>";
		};
/* End PBXGroup section */

/* Begin PBXNativeTarget section */
		DCCD2E75240BEFAE00068D31 /* Lyricly */ = {
			isa = PBXNativeTarget;
			buildConfigurationList = DCCD2E8A240BEFB600068D31 /* Build configuration list for PBXNativeTarget "Lyricly" */;
			buildPhases = (
				57AD3F621AEAFBC7C8636795 /* [CP] Check Pods Manifest.lock */,
				DCCD2E72240BEFAE00068D31 /* Sources */,
				DCCD2E73240BEFAE00068D31 /* Frameworks */,
				DCCD2E74240BEFAE00068D31 /* Resources */,
				AD241804D1DBC9B792DA2533 /* [CP] Embed Pods Frameworks */,
			);
			buildRules = (
			);
			dependencies = (
			);
			name = Lyricly;
			productName = Lyricly;
			productReference = DCCD2E76240BEFAE00068D31 /* Lyricly.app */;
			productType = "com.apple.product-type.application";
		};
/* End PBXNativeTarget section */

/* Begin PBXProject section */
		DCCD2E6E240BEFAD00068D31 /* Project object */ = {
			isa = PBXProject;
			attributes = {
				LastSwiftUpdateCheck = 1120;
				LastUpgradeCheck = 1120;
				ORGANIZATIONNAME = "Hanns Adrian Böhme";
				TargetAttributes = {
					DCCD2E75240BEFAE00068D31 = {
						CreatedOnToolsVersion = 11.2.1;
					};
				};
			};
			buildConfigurationList = DCCD2E71240BEFAD00068D31 /* Build configuration list for PBXProject "Lyricly" */;
			compatibilityVersion = "Xcode 9.3";
			developmentRegion = en;
			hasScannedForEncodings = 0;
			knownRegions = (
				en,
				Base,
			);
			mainGroup = DCCD2E6D240BEFAD00068D31;
			productRefGroup = DCCD2E77240BEFAE00068D31 /* Products */;
			projectDirPath = "";
			projectRoot = "";
			targets = (
				DCCD2E75240BEFAE00068D31 /* Lyricly */,
			);
		};
/* End PBXProject section */

/* Begin PBXResourcesBuildPhase section */
		DCCD2E74240BEFAE00068D31 /* Resources */ = {
			isa = PBXResourcesBuildPhase;
			buildActionMask = 2147483647;
			files = (
				DCCD2E86240BEFB600068D31 /* LaunchScreen.storyboard in Resources */,
				DCCD2E83240BEFB600068D31 /* Preview Assets.xcassets in Resources */,
				DCCD2E80240BEFB600068D31 /* Assets.xcassets in Resources */,
			);
			runOnlyForDeploymentPostprocessing = 0;
		};
/* End PBXResourcesBuildPhase section */

/* Begin PBXShellScriptBuildPhase section */
		57AD3F621AEAFBC7C8636795 /* [CP] Check Pods Manifest.lock */ = {
			isa = PBXShellScriptBuildPhase;
			buildActionMask = 2147483647;
			files = (
			);
			inputFileListPaths = (
			);
			inputPaths = (
				"${PODS_PODFILE_DIR_PATH}/Podfile.lock",
				"${PODS_ROOT}/Manifest.lock",
			);
			name = "[CP] Check Pods Manifest.lock";
			outputFileListPaths = (
			);
			outputPaths = (
				"$(DERIVED_FILE_DIR)/Pods-Lyricly-checkManifestLockResult.txt",
			);
			runOnlyForDeploymentPostprocessing = 0;
			shellPath = /bin/sh;
			shellScript = "diff \"${PODS_PODFILE_DIR_PATH}/Podfile.lock\" \"${PODS_ROOT}/Manifest.lock\" > /dev/null\nif [ $? != 0 ] ; then\n    # print error to STDERR\n    echo \"error: The sandbox is not in sync with the Podfile.lock. Run 'pod install' or update your CocoaPods installation.\" >&2\n    exit 1\nfi\n# This output is used by Xcode 'outputs' to avoid re-running this script phase.\necho \"SUCCESS\" > \"${SCRIPT_OUTPUT_FILE_0}\"\n";
			showEnvVarsInLog = 0;
		};
		AD241804D1DBC9B792DA2533 /* [CP] Embed Pods Frameworks */ = {
			isa = PBXShellScriptBuildPhase;
			buildActionMask = 2147483647;
			files = (
			);
			inputFileListPaths = (
				"${PODS_ROOT}/Target Support Files/Pods-Lyricly/Pods-Lyricly-frameworks-${CONFIGURATION}-input-files.xcfilelist",
			);
			name = "[CP] Embed Pods Frameworks";
			outputFileListPaths = (
				"${PODS_ROOT}/Target Support Files/Pods-Lyricly/Pods-Lyricly-frameworks-${CONFIGURATION}-output-files.xcfilelist",
			);
			runOnlyForDeploymentPostprocessing = 0;
			shellPath = /bin/sh;
			shellScript = "\"${PODS_ROOT}/Target Support Files/Pods-Lyricly/Pods-Lyricly-frameworks.sh\"\n";
			showEnvVarsInLog = 0;
		};
/* End PBXShellScriptBuildPhase section */

/* Begin PBXSourcesBuildPhase section */
		DCCD2E72240BEFAE00068D31 /* Sources */ = {
			isa = PBXSourcesBuildPhase;
			buildActionMask = 2147483647;
			files = (
				DCCD2E7A240BEFAE00068D31 /* AppDelegate.swift in Sources */,
				DC0184782410052A00105862 /* SongRow.swift in Sources */,
				DCCD2E7C240BEFAE00068D31 /* SceneDelegate.swift in Sources */,
				DCCD2E8E240BF66100068D31 /* Caption.swift in Sources */,
				DC4BC0D0240FE8C90030664C /* SearchResultResponse.swift in Sources */,
				DCCD2E7E240BEFAE00068D31 /* ContentView.swift in Sources */,
			);
			runOnlyForDeploymentPostprocessing = 0;
		};
/* End PBXSourcesBuildPhase section */

/* Begin PBXVariantGroup section */
		DCCD2E84240BEFB600068D31 /* LaunchScreen.storyboard */ = {
			isa = PBXVariantGroup;
			children = (
				DCCD2E85240BEFB600068D31 /* Base */,
			);
			name = LaunchScreen.storyboard;
			sourceTree = "<group>";
		};
/* End PBXVariantGroup section */

/* Begin XCBuildConfiguration section */
		DCCD2E88240BEFB600068D31 /* Debug */ = {
			isa = XCBuildConfiguration;
			buildSettings = {
				ALWAYS_SEARCH_USER_PATHS = NO;
				CLANG_ANALYZER_NONNULL = YES;
				CLANG_ANALYZER_NUMBER_OBJECT_CONVERSION = YES_AGGRESSIVE;
				CLANG_CXX_LANGUAGE_STANDARD = "gnu++14";
				CLANG_CXX_LIBRARY = "libc++";
				CLANG_ENABLE_MODULES = YES;
				CLANG_ENABLE_OBJC_ARC = YES;
				CLANG_ENABLE_OBJC_WEAK = YES;
				CLANG_WARN_BLOCK_CAPTURE_AUTORELEASING = YES;
				CLANG_WARN_BOOL_CONVERSION = YES;
				CLANG_WARN_COMMA = YES;
				CLANG_WARN_CONSTANT_CONVERSION = YES;
				CLANG_WARN_DEPRECATED_OBJC_IMPLEMENTATIONS = YES;
				CLANG_WARN_DIRECT_OBJC_ISA_USAGE = YES_ERROR;
				CLANG_WARN_DOCUMENTATION_COMMENTS = YES;
				CLANG_WARN_EMPTY_BODY = YES;
				CLANG_WARN_ENUM_CONVERSION = YES;
				CLANG_WARN_INFINITE_RECURSION = YES;
				CLANG_WARN_INT_CONVERSION = YES;
				CLANG_WARN_NON_LITERAL_NULL_CONVERSION = YES;
				CLANG_WARN_OBJC_IMPLICIT_RETAIN_SELF = YES;
				CLANG_WARN_OBJC_LITERAL_CONVERSION = YES;
				CLANG_WARN_OBJC_ROOT_CLASS = YES_ERROR;
				CLANG_WARN_RANGE_LOOP_ANALYSIS = YES;
				CLANG_WARN_STRICT_PROTOTYPES = YES;
				CLANG_WARN_SUSPICIOUS_MOVE = YES;
				CLANG_WARN_UNGUARDED_AVAILABILITY = YES_AGGRESSIVE;
				CLANG_WARN_UNREACHABLE_CODE = YES;
				CLANG_WARN__DUPLICATE_METHOD_MATCH = YES;
				COPY_PHASE_STRIP = NO;
				DEBUG_INFORMATION_FORMAT = dwarf;
				ENABLE_STRICT_OBJC_MSGSEND = YES;
				ENABLE_TESTABILITY = YES;
				GCC_C_LANGUAGE_STANDARD = gnu11;
				GCC_DYNAMIC_NO_PIC = NO;
				GCC_NO_COMMON_BLOCKS = YES;
				GCC_OPTIMIZATION_LEVEL = 0;
				GCC_PREPROCESSOR_DEFINITIONS = (
					"DEBUG=1",
					"$(inherited)",
				);
				GCC_WARN_64_TO_32_BIT_CONVERSION = YES;
				GCC_WARN_ABOUT_RETURN_TYPE = YES_ERROR;
				GCC_WARN_UNDECLARED_SELECTOR = YES;
				GCC_WARN_UNINITIALIZED_AUTOS = YES_AGGRESSIVE;
				GCC_WARN_UNUSED_FUNCTION = YES;
				GCC_WARN_UNUSED_VARIABLE = YES;
				IPHONEOS_DEPLOYMENT_TARGET = 13.2;
				MTL_ENABLE_DEBUG_INFO = INCLUDE_SOURCE;
				MTL_FAST_MATH = YES;
				ONLY_ACTIVE_ARCH = YES;
				SDKROOT = iphoneos;
				SWIFT_ACTIVE_COMPILATION_CONDITIONS = DEBUG;
				SWIFT_OPTIMIZATION_LEVEL = "-Onone";
			};
			name = Debug;
		};
		DCCD2E89240BEFB600068D31 /* Release */ = {
			isa = XCBuildConfiguration;
			buildSettings = {
				ALWAYS_SEARCH_USER_PATHS = NO;
				CLANG_ANALYZER_NONNULL = YES;
				CLANG_ANALYZER_NUMBER_OBJECT_CONVERSION = YES_AGGRESSIVE;
				CLANG_CXX_LANGUAGE_STANDARD = "gnu++14";
				CLANG_CXX_LIBRARY = "libc++";
				CLANG_ENABLE_MODULES = YES;
				CLANG_ENABLE_OBJC_ARC = YES;
				CLANG_ENABLE_OBJC_WEAK = YES;
				CLANG_WARN_BLOCK_CAPTURE_AUTORELEASING = YES;
				CLANG_WARN_BOOL_CONVERSION = YES;
				CLANG_WARN_COMMA = YES;
				CLANG_WARN_CONSTANT_CONVERSION = YES;
				CLANG_WARN_DEPRECATED_OBJC_IMPLEMENTATIONS = YES;
				CLANG_WARN_DIRECT_OBJC_ISA_USAGE = YES_ERROR;
				CLANG_WARN_DOCUMENTATION_COMMENTS = YES;
				CLANG_WARN_EMPTY_BODY = YES;
				CLANG_WARN_ENUM_CONVERSION = YES;
				CLANG_WARN_INFINITE_RECURSION = YES;
				CLANG_WARN_INT_CONVERSION = YES;
				CLANG_WARN_NON_LITERAL_NULL_CONVERSION = YES;
				CLANG_WARN_OBJC_IMPLICIT_RETAIN_SELF = YES;
				CLANG_WARN_OBJC_LITERAL_CONVERSION = YES;
				CLANG_WARN_OBJC_ROOT_CLASS = YES_ERROR;
				CLANG_WARN_RANGE_LOOP_ANALYSIS = YES;
				CLANG_WARN_STRICT_PROTOTYPES = YES;
				CLANG_WARN_SUSPICIOUS_MOVE = YES;
				CLANG_WARN_UNGUARDED_AVAILABILITY = YES_AGGRESSIVE;
				CLANG_WARN_UNREACHABLE_CODE = YES;
				CLANG_WARN__DUPLICATE_METHOD_MATCH = YES;
				COPY_PHASE_STRIP = NO;
				DEBUG_INFORMATION_FORMAT = "dwarf-with-dsym";
				ENABLE_NS_ASSERTIONS = NO;
				ENABLE_STRICT_OBJC_MSGSEND = YES;
				GCC_C_LANGUAGE_STANDARD = gnu11;
				GCC_NO_COMMON_BLOCKS = YES;
				GCC_WARN_64_TO_32_BIT_CONVERSION = YES;
				GCC_WARN_ABOUT_RETURN_TYPE = YES_ERROR;
				GCC_WARN_UNDECLARED_SELECTOR = YES;
				GCC_WARN_UNINITIALIZED_AUTOS = YES_AGGRESSIVE;
				GCC_WARN_UNUSED_FUNCTION = YES;
				GCC_WARN_UNUSED_VARIABLE = YES;
				IPHONEOS_DEPLOYMENT_TARGET = 13.2;
				MTL_ENABLE_DEBUG_INFO = NO;
				MTL_FAST_MATH = YES;
				SDKROOT = iphoneos;
				SWIFT_COMPILATION_MODE = wholemodule;
				SWIFT_OPTIMIZATION_LEVEL = "-O";
				VALIDATE_PRODUCT = YES;
			};
			name = Release;
		};
		DCCD2E8B240BEFB600068D31 /* Debug */ = {
			isa = XCBuildConfiguration;
			baseConfigurationReference = 68E62FBA73FDA05B5E21165A /* Pods-Lyricly.debug.xcconfig */;
			buildSettings = {
				ASSETCATALOG_COMPILER_APPICON_NAME = AppIcon;
				CODE_SIGN_ENTITLEMENTS = Lyricly/Lyricly.entitlements;
				CODE_SIGN_STYLE = Automatic;
				DERIVE_MACCATALYST_PRODUCT_BUNDLE_IDENTIFIER = YES;
				DEVELOPMENT_ASSET_PATHS = "\"Lyricly/Preview Content\"";
				DEVELOPMENT_TEAM = HJGSLZ3D52;
				ENABLE_PREVIEWS = YES;
				INFOPLIST_FILE = Lyricly/Info.plist;
				LD_RUNPATH_SEARCH_PATHS = (
					"$(inherited)",
					"@executable_path/Frameworks",
				);
				PRODUCT_BUNDLE_IDENTIFIER = de.hannsadrian.Lyricly;
				PRODUCT_NAME = "$(TARGET_NAME)";
				SUPPORTS_MACCATALYST = YES;
				SWIFT_VERSION = 5.0;
				TARGETED_DEVICE_FAMILY = "1,2";
			};
			name = Debug;
		};
		DCCD2E8C240BEFB600068D31 /* Release */ = {
			isa = XCBuildConfiguration;
			baseConfigurationReference = 80EB698D08A08D8B39AA307F /* Pods-Lyricly.release.xcconfig */;
			buildSettings = {
				ASSETCATALOG_COMPILER_APPICON_NAME = AppIcon;
				CODE_SIGN_ENTITLEMENTS = Lyricly/Lyricly.entitlements;
				CODE_SIGN_STYLE = Automatic;
				DERIVE_MACCATALYST_PRODUCT_BUNDLE_IDENTIFIER = YES;
				DEVELOPMENT_ASSET_PATHS = "\"Lyricly/Preview Content\"";
				DEVELOPMENT_TEAM = HJGSLZ3D52;
				ENABLE_PREVIEWS = YES;
				INFOPLIST_FILE = Lyricly/Info.plist;
				LD_RUNPATH_SEARCH_PATHS = (
					"$(inherited)",
					"@executable_path/Frameworks",
				);
				PRODUCT_BUNDLE_IDENTIFIER = de.hannsadrian.Lyricly;
				PRODUCT_NAME = "$(TARGET_NAME)";
				SUPPORTS_MACCATALYST = YES;
				SWIFT_VERSION = 5.0;
				TARGETED_DEVICE_FAMILY = "1,2";
			};
			name = Release;
		};
/* End XCBuildConfiguration section */

/* Begin XCConfigurationList section */
		DCCD2E71240BEFAD00068D31 /* Build configuration list for PBXProject "Lyricly" */ = {
			isa = XCConfigurationList;
			buildConfigurations = (
				DCCD2E88240BEFB600068D31 /* Debug */,
				DCCD2E89240BEFB600068D31 /* Release */,
			);
			defaultConfigurationIsVisible = 0;
			defaultConfigurationName = Release;
		};
		DCCD2E8A240BEFB600068D31 /* Build configuration list for PBXNativeTarget "Lyricly" */ = {
			isa = XCConfigurationList;
			buildConfigurations = (
				DCCD2E8B240BEFB600068D31 /* Debug */,
				DCCD2E8C240BEFB600068D31 /* Release */,
			);
			defaultConfigurationIsVisible = 0;
			defaultConfigurationName = Release;
		};
/* End XCConfigurationList section */
	};
	rootObject = DCCD2E6E240BEFAD00068D31 /* Project object */;
}
